{
  "name": "mapil-smtp",
  "version": "1.0.0",
  "lockfileVersion": 2,
  "requires": true,
  "packages": {
    "": {
      "name": "mapil-smtp",
      "version": "1.0.0",
      "license": "BSD-2-Clause",
      "dependencies": {
        "mailparser": "0.5.*",
        "mongodb": "2.1.*",
        "node-env-file": "0.1.*",
        "pg": "4.5.*",
        "request": "^1.0.0",
        "smtp-server": "1.9.*"
      }
    },
    "node_modules/addressparser": {
      "version": "0.3.2",
      "resolved": "https://registry.npmjs.org/addressparser/-/addressparser-0.3.2.tgz",
      "integrity": "sha1-WYc/Nej89sc2HBAjkmHXbhU0i7I="
    },
    "node_modules/bson": {
      "version": "0.4.23",
      "resolved": "https://registry.npmjs.org/bson/-/bson-0.4.23.tgz",
      "integrity": "sha1-5louPHUH/63kEJvHV1p25Q+NqRU=",
      "deprecated": "Fixed a critical issue with BSON serialization documented in CVE-2019-2391, see https://bit.ly/2KcpXdo for more details",
      "engines": {
        "node": ">=0.6.19"
      }
    },
    "node_modules/buffer-writer": {
      "version": "1.0.1",
      "resolved": "https://registry.npmjs.org/buffer-writer/-/buffer-writer-1.0.1.tgz",
      "integrity": "sha1-Iqk2kB4wKa/NdUfrRIfOtpejvwg="
    },
    "node_modules/core-util-is": {
      "version": "1.0.3",
      "resolved": "https://registry.npmjs.org/core-util-is/-/core-util-is-1.0.3.tgz",
      "integrity": "sha512-ZQBvi1DcpJ4GDqanjucZ2Hj3wEO5pZDS89BWbkcrvdxksJorwUDDZamX9ldFkp9aw2lmBDLgkObEA4DWNJ9FYQ=="
    },
    "node_modules/encoding": {
      "version": "0.1.13",
      "resolved": "https://registry.npmjs.org/encoding/-/encoding-0.1.13.tgz",
      "integrity": "sha512-ETBauow1T35Y/WZMkio9jiM0Z5xjHHmJ4XmjZOq1l/dXz3lr2sRn87nJy20RupqSh1F2m3HHPSp8ShIPQJrJ3A==",
      "dependencies": {
        "iconv-lite": "^0.6.2"
      }
    },
    "node_modules/es6-promise": {
      "version": "3.0.2",
      "resolved": "https://registry.npmjs.org/es6-promise/-/es6-promise-3.0.2.tgz",
      "integrity": "sha1-AQ1YWEI6XxGJeWZfRkhqlcbuK7Y="
    },
    "node_modules/escape-string-regexp": {
      "version": "1.0.5",
      "resolved": "https://registry.npmjs.org/escape-string-regexp/-/escape-string-regexp-1.0.5.tgz",
      "integrity": "sha1-G2HAViGQqN/2rjuyzwIAyhMLhtQ=",
      "engines": {
        "node": ">=0.8.0"
      }
    },
    "node_modules/extend": {
      "version": "3.0.2",
      "resolved": "https://registry.npmjs.org/extend/-/extend-3.0.2.tgz",
      "integrity": "sha512-fjquC59cD7CyW6urNXK0FBufkZcoiGG80wTuPujX590cB5Ttln20E2UB4S/WARVqhXffZl2LNgS+gQdPIIim/g=="
    },
    "node_modules/generic-pool": {
      "version": "2.4.2",
      "resolved": "https://registry.npmjs.org/generic-pool/-/generic-pool-2.4.2.tgz",
      "integrity": "sha1-iGvFvwvrfblugby7oHiBjeWmJoM=",
      "engines": {
        "node": ">= 0.2.0"
      }
    },
    "node_modules/iconv-lite": {
      "version": "0.6.3",
      "resolved": "https://registry.npmjs.org/iconv-lite/-/iconv-lite-0.6.3.tgz",
      "integrity": "sha512-4fCk79wshMdzMp2rH06qWrJE4iolqLhCUH+OiuIgU++RB0+94NlDL81atO7GX55uUKueo0txHNtvEyI6D7WdMw==",
      "dependencies": {
        "safer-buffer": ">= 2.1.2 < 3.0.0"
      },
      "engines": {
        "node": ">=0.10.0"
      }
    },
    "node_modules/inherits": {
      "version": "2.0.4",
      "resolved": "https://registry.npmjs.org/inherits/-/inherits-2.0.4.tgz",
      "integrity": "sha512-k/vGaX4/Yla3WzyMCvTQOXYeIHvqOKtnqBduzTHpzpQZzAskKMhZ2K+EnBiSM9zGSoIFeMpXKxa4dYeZIQqewQ=="
    },
    "node_modules/ipv6-normalize": {
      "version": "1.0.1",
      "resolved": "https://registry.npmjs.org/ipv6-normalize/-/ipv6-normalize-1.0.1.tgz",
      "integrity": "sha1-GzJYKQ02X6gyOeiZB93kWS52IKg="
    },
    "node_modules/isarray": {
      "version": "0.0.1",
      "resolved": "https://registry.npmjs.org/isarray/-/isarray-0.0.1.tgz",
      "integrity": "sha1-ihis/Kmo9Bd+Cav8YDiTmwXR7t8="
    },
    "node_modules/js-string-escape": {
      "version": "1.0.1",
      "resolved": "https://registry.npmjs.org/js-string-escape/-/js-string-escape-1.0.1.tgz",
      "integrity": "sha1-4mJbrbwNZ8dTPp7cEGjFh65BN+8=",
      "engines": {
        "node": ">= 0.8"
      }
    },
    "node_modules/mailparser": {
      "version": "0.5.3",
      "resolved": "https://registry.npmjs.org/mailparser/-/mailparser-0.5.3.tgz",
      "integrity": "sha1-w+Oyx2rVP/HRuLA5ZcYgnTu9WLU=",
      "deprecated": "Mailparser versions older than v2.3.0 are deprecated",
      "dependencies": {
        "encoding": "^0.1.11",
        "mime": "^1.3.4",
        "mimelib": "^0.2.19",
        "uue": "^3.0.0"
      }
    },
    "node_modules/mime": {
      "version": "1.6.0",
      "resolved": "https://registry.npmjs.org/mime/-/mime-1.6.0.tgz",
      "integrity": "sha512-x0Vn8spI+wuJ1O6S7gnbaQg8Pxh4NNHb7KSINmEWKiPE4RKOplvijn+NkmYmmRgP68mc70j2EbeTFRsrswaQeg==",
      "bin": {
        "mime": "cli.js"
      },
      "engines": {
        "node": ">=4"
      }
    },
    "node_modules/mimelib": {
      "version": "0.2.19",
      "resolved": "https://registry.npmjs.org/mimelib/-/mimelib-0.2.19.tgz",
      "integrity": "sha1-N+yQpqx9AJVIUdCywxYY8KSdoO4=",
      "deprecated": "This project is unmaintained",
      "dependencies": {
        "addressparser": "~0.3.2",
        "encoding": "~0.1.7"
      }
    },
    "node_modules/mongodb": {
      "version": "2.1.21",
      "resolved": "https://registry.npmjs.org/mongodb/-/mongodb-2.1.21.tgz",
      "integrity": "sha1-dkcJ28zrWCW06zH5U5X5Zf1EInI=",
      "deprecated": "Please upgrade to 2.2.19 or higher",
      "dependencies": {
        "es6-promise": "3.0.2",
        "mongodb-core": "1.3.21",
        "readable-stream": "1.0.31"
      },
      "engines": {
        "node": ">=0.10.3"
      }
    },
    "node_modules/mongodb-core": {
      "version": "1.3.21",
      "resolved": "https://registry.npmjs.org/mongodb-core/-/mongodb-core-1.3.21.tgz",
      "integrity": "sha1-/hKee+4rOybBQJ3gKrYNA/YpHMo=",
      "dependencies": {
        "bson": "~0.4.23",
        "require_optional": "~1.0.0"
      }
    },
    "node_modules/node-env-file": {
      "version": "0.1.8",
      "resolved": "https://registry.npmjs.org/node-env-file/-/node-env-file-0.1.8.tgz",
      "integrity": "sha1-/Mt7BQ9zW1oz2p65N89vGrRX+2k=",
      "engines": {
        "node": ">= 0.8.0"
      }
    },
    "node_modules/nodemailer-fetch": {
      "version": "1.6.0",
      "resolved": "https://registry.npmjs.org/nodemailer-fetch/-/nodemailer-fetch-1.6.0.tgz",
      "integrity": "sha1-ecSQihwPXzdbc/6IjamCj23JY6Q="
    },
    "node_modules/nodemailer-shared": {
      "version": "1.1.0",
      "resolved": "https://registry.npmjs.org/nodemailer-shared/-/nodemailer-shared-1.1.0.tgz",
      "integrity": "sha1-z1mU4v0mjQD1zw+nZ6CBae2wfsA=",
      "dependencies": {
        "nodemailer-fetch": "1.6.0"
      }
    },
    "node_modules/packet-reader": {
      "version": "0.2.0",
      "resolved": "https://registry.npmjs.org/packet-reader/-/packet-reader-0.2.0.tgz",
      "integrity": "sha1-gZ300BC4LV6lZx+KGjrPA5vNdwA="
    },
    "node_modules/pg": {
      "version": "4.5.7",
      "resolved": "https://registry.npmjs.org/pg/-/pg-4.5.7.tgz",
      "integrity": "sha1-Ra4WsjcGpjRaAyed7MaveVwW0ps=",
      "dependencies": {
        "buffer-writer": "1.0.1",
        "generic-pool": "2.4.2",
        "js-string-escape": "1.0.1",
        "packet-reader": "0.2.0",
        "pg-connection-string": "0.1.3",
        "pg-types": "1.*",
        "pgpass": "0.0.3",
        "semver": "^4.1.0"
      },
      "engines": {
        "node": ">= 0.8.0"
      }
    },
    "node_modules/pg-connection-string": {
      "version": "0.1.3",
      "resolved": "https://registry.npmjs.org/pg-connection-string/-/pg-connection-string-0.1.3.tgz",
      "integrity": "sha1-2hhHsglA5C7hSSvq9l1J2RskXfc="
    },
    "node_modules/pg-int8": {
      "version": "1.0.1",
      "resolved": "https://registry.npmjs.org/pg-int8/-/pg-int8-1.0.1.tgz",
      "integrity": "sha512-WCtabS6t3c8SkpDBUlb1kjOs7l66xsGdKpIPZsg4wR+B3+u9UAum2odSsF9tnvxg80h4ZxLWMy4pRjOsFIqQpw==",
      "engines": {
        "node": ">=4.0.0"
      }
    },
    "node_modules/pg-types": {
      "version": "1.13.0",
      "resolved": "https://registry.npmjs.org/pg-types/-/pg-types-1.13.0.tgz",
      "integrity": "sha512-lfKli0Gkl/+za/+b6lzENajczwZHc7D5kiUCZfgm914jipD2kIOIvEkAhZ8GrW3/TUoP9w8FHjwpPObBye5KQQ==",
      "dependencies": {
        "pg-int8": "1.0.1",
        "postgres-array": "~1.0.0",
        "postgres-bytea": "~1.0.0",
        "postgres-date": "~1.0.0",
        "postgres-interval": "^1.1.0"
      }
    },
    "node_modules/pgpass": {
      "version": "0.0.3",
      "resolved": "https://registry.npmjs.org/pgpass/-/pgpass-0.0.3.tgz",
      "integrity": "sha1-EuZ+NDsxicLzEgbrycwL7//PkUA=",
      "dependencies": {
        "split": "~0.3"
      }
    },
    "node_modules/postgres-array": {
      "version": "1.0.3",
      "resolved": "https://registry.npmjs.org/postgres-array/-/postgres-array-1.0.3.tgz",
      "integrity": "sha512-5wClXrAP0+78mcsNX3/ithQ5exKvCyK5lr5NEEEeGwwM6NJdQgzIJBVxLvRW+huFpX92F2QnZ5CcokH0VhK2qQ==",
      "engines": {
        "node": ">=0.10.0"
      }
    },
    "node_modules/postgres-bytea": {
      "version": "1.0.0",
      "resolved": "https://registry.npmjs.org/postgres-bytea/-/postgres-bytea-1.0.0.tgz",
      "integrity": "sha1-AntTPAqokOJtFy1Hz5zOzFIazTU=",
      "engines": {
        "node": ">=0.10.0"
      }
    },
    "node_modules/postgres-date": {
      "version": "1.0.7",
      "resolved": "https://registry.npmjs.org/postgres-date/-/postgres-date-1.0.7.tgz",
      "integrity": "sha512-suDmjLVQg78nMK2UZ454hAG+OAW+HQPZ6n++TNDUX+L0+uUlLywnoxJKDou51Zm+zTCjrCl0Nq6J9C5hP9vK/Q==",
      "engines": {
        "node": ">=0.10.0"
      }
    },
    "node_modules/postgres-interval": {
      "version": "1.2.0",
      "resolved": "https://registry.npmjs.org/postgres-interval/-/postgres-interval-1.2.0.tgz",
      "integrity": "sha512-9ZhXKM/rw350N1ovuWHbGxnGh/SNJ4cnxHiM0rxE4VN41wsg8P8zWn9hv/buK00RP4WvlOyr/RBDiptyxVbkZQ==",
      "dependencies": {
        "xtend": "^4.0.0"
      },
      "engines": {
        "node": ">=0.10.0"
      }
    },
    "node_modules/readable-stream": {
      "version": "1.0.31",
      "resolved": "https://registry.npmjs.org/readable-stream/-/readable-stream-1.0.31.tgz",
      "integrity": "sha1-jyUC4LyeOw2huUUgqrtOJgPsr64=",
      "dependencies": {
        "core-util-is": "~1.0.0",
        "inherits": "~2.0.1",
        "isarray": "0.0.1",
        "string_decoder": "~0.10.x"
      }
    },
    "node_modules/request": {
      "version": "1.9.9",
      "resolved": "https://registry.npmjs.org/request/-/request-1.9.9.tgz",
      "integrity": "sha1-ryMf6H43JaXbRv90gz86oOv9kVE=",
      "deprecated": "request has been deprecated, see https://github.com/request/request/issues/3142",
      "engines": [
        "node >= 0.3.6"
      ]
    },
    "node_modules/require_optional": {
      "version": "1.0.1",
      "resolved": "https://registry.npmjs.org/require_optional/-/require_optional-1.0.1.tgz",
      "integrity": "sha512-qhM/y57enGWHAe3v/NcwML6a3/vfESLe/sGM2dII+gEO0BpKRUkWZow/tyloNqJyN6kXSl3RyyM8Ll5D/sJP8g==",
      "dependencies": {
        "resolve-from": "^2.0.0",
        "semver": "^5.1.0"
      }
    },
    "node_modules/require_optional/node_modules/semver": {
      "version": "5.7.1",
      "resolved": "https://registry.npmjs.org/semver/-/semver-5.7.1.tgz",
      "integrity": "sha512-sauaDf/PZdVgrLTNYHRtpXa1iRiKcaebiKQ1BJdpQlWH2lCvexQdX55snPFyK7QzpudqbCI0qXFfOasHdyNDGQ==",
      "bin": {
        "semver": "bin/semver"
      }
    },
    "node_modules/resolve-from": {
      "version": "2.0.0",
      "resolved": "https://registry.npmjs.org/resolve-from/-/resolve-from-2.0.0.tgz",
      "integrity": "sha1-lICrIOlP+h2egKgEx+oUdhGWa1c=",
      "engines": {
        "node": ">=0.10.0"
      }
    },
    "node_modules/safer-buffer": {
      "version": "2.1.2",
      "resolved": "https://registry.npmjs.org/safer-buffer/-/safer-buffer-2.1.2.tgz",
      "integrity": "sha512-YZo3K82SD7Riyi0E1EQPojLz7kpepnSQI9IyPbHHg1XXXevb5dJI7tpyN2ADxGcQbHG7vcyRHk0cbwqcQriUtg=="
    },
    "node_modules/semver": {
      "version": "4.3.6",
      "resolved": "https://registry.npmjs.org/semver/-/semver-4.3.6.tgz",
      "integrity": "sha1-MAvG4OhjdPe6YQaLWx7NV/xlMto=",
      "bin": {
        "semver": "bin/semver"
      }
    },
    "node_modules/smtp-server": {
      "version": "1.9.1",
      "resolved": "https://registry.npmjs.org/smtp-server/-/smtp-server-1.9.1.tgz",
      "integrity": "sha1-gg5Scg2GhX5Pw/ovUqANdyf/gBM=",
      "dependencies": {
        "ipv6-normalize": "^1.0.1",
        "nodemailer-shared": "^1.0.4"
      },
      "engines": {
        "node": ">=0.12"
      }
    },
    "node_modules/split": {
      "version": "0.3.3",
      "resolved": "https://registry.npmjs.org/split/-/split-0.3.3.tgz",
      "integrity": "sha1-zQ7qXmOiEd//frDwkcQTPi0N0o8=",
      "dependencies": {
        "through": "2"
      },
      "engines": {
        "node": "*"
      }
    },
    "node_modules/string_decoder": {
      "version": "0.10.31",
      "resolved": "https://registry.npmjs.org/string_decoder/-/string_decoder-0.10.31.tgz",
      "integrity": "sha1-YuIDvEF2bGwoyfyEMB2rHFMQ+pQ="
    },
    "node_modules/through": {
      "version": "2.3.8",
      "resolved": "https://registry.npmjs.org/through/-/through-2.3.8.tgz",
      "integrity": "sha1-DdTJ/6q8NXlgsbckEV1+Doai4fU="
    },
    "node_modules/uue": {
      "version": "3.1.2",
      "resolved": "https://registry.npmjs.org/uue/-/uue-3.1.2.tgz",
      "integrity": "sha512-axKLXVqwtdI/czrjG0X8hyV1KLgeWx8F4KvSbvVCnS+RUvsQMGRjx0kfuZDXXqj0LYvVJmx3B9kWlKtEdRrJLg==",
      "dependencies": {
        "escape-string-regexp": "~1.0.5",
        "extend": "~3.0.0"
      }
    },
    "node_modules/xtend": {
      "version": "4.0.2",
      "resolved": "https://registry.npmjs.org/xtend/-/xtend-4.0.2.tgz",
      "integrity": "sha512-LKYU1iAXJXUgAXn9URjiu+MWhyUXHsvfp7mcuYm9dSUKK0/CjtrUwFAxD82/mCWbtLsGjFIad0wIsod4zrTAEQ==",
      "engines": {
        "node": ">=0.4"
      }
    }
  },
  "dependencies": {
    "addressparser": {
      "version": "0.3.2",
      "resolved": "https://registry.npmjs.org/addressparser/-/addressparser-0.3.2.tgz",
      "integrity": "sha1-WYc/Nej89sc2HBAjkmHXbhU0i7I="
    },
    "bson": {
      "version": "0.4.23",
      "resolved": "https://registry.npmjs.org/bson/-/bson-0.4.23.tgz",
      "integrity": "sha1-5louPHUH/63kEJvHV1p25Q+NqRU="
    },
    "buffer-writer": {
      "version": "1.0.1",
      "resolved": "https://registry.npmjs.org/buffer-writer/-/buffer-writer-1.0.1.tgz",
      "integrity": "sha1-Iqk2kB4wKa/NdUfrRIfOtpejvwg="
    },
    "core-util-is": {
      "version": "1.0.3",
      "resolved": "https://registry.npmjs.org/core-util-is/-/core-util-is-1.0.3.tgz",
      "integrity": "sha512-ZQBvi1DcpJ4GDqanjucZ2Hj3wEO5pZDS89BWbkcrvdxksJorwUDDZamX9ldFkp9aw2lmBDLgkObEA4DWNJ9FYQ=="
    },
    "encoding": {
      "version": "0.1.13",
      "resolved": "https://registry.npmjs.org/encoding/-/encoding-0.1.13.tgz",
      "integrity": "sha512-ETBauow1T35Y/WZMkio9jiM0Z5xjHHmJ4XmjZOq1l/dXz3lr2sRn87nJy20RupqSh1F2m3HHPSp8ShIPQJrJ3A==",
      "requires": {
        "iconv-lite": "^0.6.2"
      }
    },
    "es6-promise": {
      "version": "3.0.2",
      "resolved": "https://registry.npmjs.org/es6-promise/-/es6-promise-3.0.2.tgz",
      "integrity": "sha1-AQ1YWEI6XxGJeWZfRkhqlcbuK7Y="
    },
    "escape-string-regexp": {
      "version": "1.0.5",
      "resolved": "https://registry.npmjs.org/escape-string-regexp/-/escape-string-regexp-1.0.5.tgz",
      "integrity": "sha1-G2HAViGQqN/2rjuyzwIAyhMLhtQ="
    },
    "extend": {
      "version": "3.0.2",
      "resolved": "https://registry.npmjs.org/extend/-/extend-3.0.2.tgz",
      "integrity": "sha512-fjquC59cD7CyW6urNXK0FBufkZcoiGG80wTuPujX590cB5Ttln20E2UB4S/WARVqhXffZl2LNgS+gQdPIIim/g=="
    },
    "generic-pool": {
      "version": "2.4.2",
      "resolved": "https://registry.npmjs.org/generic-pool/-/generic-pool-2.4.2.tgz",
      "integrity": "sha1-iGvFvwvrfblugby7oHiBjeWmJoM="
    },
    "iconv-lite": {
      "version": "0.6.3",
      "resolved": "https://registry.npmjs.org/iconv-lite/-/iconv-lite-0.6.3.tgz",
      "integrity": "sha512-4fCk79wshMdzMp2rH06qWrJE4iolqLhCUH+OiuIgU++RB0+94NlDL81atO7GX55uUKueo0txHNtvEyI6D7WdMw==",
      "requires": {
        "safer-buffer": ">= 2.1.2 < 3.0.0"
      }
    },
    "inherits": {
      "version": "2.0.4",
      "resolved": "https://registry.npmjs.org/inherits/-/inherits-2.0.4.tgz",
      "integrity": "sha512-k/vGaX4/Yla3WzyMCvTQOXYeIHvqOKtnqBduzTHpzpQZzAskKMhZ2K+EnBiSM9zGSoIFeMpXKxa4dYeZIQqewQ=="
    },
    "ipv6-normalize": {
      "version": "1.0.1",
      "resolved": "https://registry.npmjs.org/ipv6-normalize/-/ipv6-normalize-1.0.1.tgz",
      "integrity": "sha1-GzJYKQ02X6gyOeiZB93kWS52IKg="
    },
    "isarray": {
      "version": "0.0.1",
      "resolved": "https://registry.npmjs.org/isarray/-/isarray-0.0.1.tgz",
      "integrity": "sha1-ihis/Kmo9Bd+Cav8YDiTmwXR7t8="
    },
    "js-string-escape": {
      "version": "1.0.1",
      "resolved": "https://registry.npmjs.org/js-string-escape/-/js-string-escape-1.0.1.tgz",
      "integrity": "sha1-4mJbrbwNZ8dTPp7cEGjFh65BN+8="
    },
    "mailparser": {
      "version": "0.5.3",
      "resolved": "https://registry.npmjs.org/mailparser/-/mailparser-0.5.3.tgz",
      "integrity": "sha1-w+Oyx2rVP/HRuLA5ZcYgnTu9WLU=",
      "requires": {
        "encoding": "^0.1.11",
        "mime": "^1.3.4",
        "mimelib": "^0.2.19",
        "uue": "^3.0.0"
      }
    },
    "mime": {
      "version": "1.6.0",
      "resolved": "https://registry.npmjs.org/mime/-/mime-1.6.0.tgz",
      "integrity": "sha512-x0Vn8spI+wuJ1O6S7gnbaQg8Pxh4NNHb7KSINmEWKiPE4RKOplvijn+NkmYmmRgP68mc70j2EbeTFRsrswaQeg=="
    },
    "mimelib": {
      "version": "0.2.19",
      "resolved": "https://registry.npmjs.org/mimelib/-/mimelib-0.2.19.tgz",
      "integrity": "sha1-N+yQpqx9AJVIUdCywxYY8KSdoO4=",
      "requires": {
        "addressparser": "~0.3.2",
        "encoding": "~0.1.7"
      }
    },
    "mongodb": {
      "version": "2.1.21",
      "resolved": "https://registry.npmjs.org/mongodb/-/mongodb-2.1.21.tgz",
      "integrity": "sha1-dkcJ28zrWCW06zH5U5X5Zf1EInI=",
      "requires": {
        "es6-promise": "3.0.2",
        "mongodb-core": "1.3.21",
        "readable-stream": "1.0.31"
      }
    },
    "mongodb-core": {
      "version": "1.3.21",
      "resolved": "https://registry.npmjs.org/mongodb-core/-/mongodb-core-1.3.21.tgz",
      "integrity": "sha1-/hKee+4rOybBQJ3gKrYNA/YpHMo=",
      "requires": {
        "bson": "~0.4.23",
        "require_optional": "~1.0.0"
      }
    },
    "node-env-file": {
      "version": "0.1.8",
      "resolved": "https://registry.npmjs.org/node-env-file/-/node-env-file-0.1.8.tgz",
      "integrity": "sha1-/Mt7BQ9zW1oz2p65N89vGrRX+2k="
    },
    "nodemailer-fetch": {
      "version": "1.6.0",
      "resolved": "https://registry.npmjs.org/nodemailer-fetch/-/nodemailer-fetch-1.6.0.tgz",
      "integrity": "sha1-ecSQihwPXzdbc/6IjamCj23JY6Q="
    },
    "nodemailer-shared": {
      "version": "1.1.0",
      "resolved": "https://registry.npmjs.org/nodemailer-shared/-/nodemailer-shared-1.1.0.tgz",
      "integrity": "sha1-z1mU4v0mjQD1zw+nZ6CBae2wfsA=",
      "requires": {
        "nodemailer-fetch": "1.6.0"
      }
    },
    "packet-reader": {
      "version": "0.2.0",
      "resolved": "https://registry.npmjs.org/packet-reader/-/packet-reader-0.2.0.tgz",
      "integrity": "sha1-gZ300BC4LV6lZx+KGjrPA5vNdwA="
    },
    "pg": {
      "version": "4.5.7",
      "resolved": "https://registry.npmjs.org/pg/-/pg-4.5.7.tgz",
      "integrity": "sha1-Ra4WsjcGpjRaAyed7MaveVwW0ps=",
      "requires": {
        "buffer-writer": "1.0.1",
        "generic-pool": "2.4.2",
        "js-string-escape": "1.0.1",
        "packet-reader": "0.2.0",
        "pg-connection-string": "0.1.3",
        "pg-types": "1.*",
        "pgpass": "0.0.3",
        "semver": "^4.1.0"
      }
    },
    "pg-connection-string": {
      "version": "0.1.3",
      "resolved": "https://registry.npmjs.org/pg-connection-string/-/pg-connection-string-0.1.3.tgz",
      "integrity": "sha1-2hhHsglA5C7hSSvq9l1J2RskXfc="
    },
    "pg-int8": {
      "version": "1.0.1",
      "resolved": "https://registry.npmjs.org/pg-int8/-/pg-int8-1.0.1.tgz",
      "integrity": "sha512-WCtabS6t3c8SkpDBUlb1kjOs7l66xsGdKpIPZsg4wR+B3+u9UAum2odSsF9tnvxg80h4ZxLWMy4pRjOsFIqQpw=="
    },
    "pg-types": {
      "version": "1.13.0",
      "resolved": "https://registry.npmjs.org/pg-types/-/pg-types-1.13.0.tgz",
      "integrity": "sha512-lfKli0Gkl/+za/+b6lzENajczwZHc7D5kiUCZfgm914jipD2kIOIvEkAhZ8GrW3/TUoP9w8FHjwpPObBye5KQQ==",
      "requires": {
        "pg-int8": "1.0.1",
        "postgres-array": "~1.0.0",
        "postgres-bytea": "~1.0.0",
        "postgres-date": "~1.0.0",
        "postgres-interval": "^1.1.0"
      }
    },
    "pgpass": {
      "version": "0.0.3",
      "resolved": "https://registry.npmjs.org/pgpass/-/pgpass-0.0.3.tgz",
      "integrity": "sha1-EuZ+NDsxicLzEgbrycwL7//PkUA=",
      "requires": {
        "split": "~0.3"
      }
    },
    "postgres-array": {
      "version": "1.0.3",
      "resolved": "https://registry.npmjs.org/postgres-array/-/postgres-array-1.0.3.tgz",
      "integrity": "sha512-5wClXrAP0+78mcsNX3/ithQ5exKvCyK5lr5NEEEeGwwM6NJdQgzIJBVxLvRW+huFpX92F2QnZ5CcokH0VhK2qQ=="
    },
    "postgres-bytea": {
      "version": "1.0.0",
      "resolved": "https://registry.npmjs.org/postgres-bytea/-/postgres-bytea-1.0.0.tgz",
      "integrity": "sha1-AntTPAqokOJtFy1Hz5zOzFIazTU="
    },
    "postgres-date": {
      "version": "1.0.7",
      "resolved": "https://registry.npmjs.org/postgres-date/-/postgres-date-1.0.7.tgz",
      "integrity": "sha512-suDmjLVQg78nMK2UZ454hAG+OAW+HQPZ6n++TNDUX+L0+uUlLywnoxJKDou51Zm+zTCjrCl0Nq6J9C5hP9vK/Q=="
    },
    "postgres-interval": {
      "version": "1.2.0",
      "resolved": "https://registry.npmjs.org/postgres-interval/-/postgres-interval-1.2.0.tgz",
      "integrity": "sha512-9ZhXKM/rw350N1ovuWHbGxnGh/SNJ4cnxHiM0rxE4VN41wsg8P8zWn9hv/buK00RP4WvlOyr/RBDiptyxVbkZQ==",
      "requires": {
        "xtend": "^4.0.0"
      }
    },
    "readable-stream": {
      "version": "1.0.31",
      "resolved": "https://registry.npmjs.org/readable-stream/-/readable-stream-1.0.31.tgz",
      "integrity": "sha1-jyUC4LyeOw2huUUgqrtOJgPsr64=",
      "requires": {
        "core-util-is": "~1.0.0",
        "inherits": "~2.0.1",
        "isarray": "0.0.1",
        "string_decoder": "~0.10.x"
      }
    },
    "request": {
      "version": "1.9.9",
      "resolved": "https://registry.npmjs.org/request/-/request-1.9.9.tgz",
      "integrity": "sha1-ryMf6H43JaXbRv90gz86oOv9kVE="
    },
    "require_optional": {
      "version": "1.0.1",
      "resolved": "https://registry.npmjs.org/require_optional/-/require_optional-1.0.1.tgz",
      "integrity": "sha512-qhM/y57enGWHAe3v/NcwML6a3/vfESLe/sGM2dII+gEO0BpKRUkWZow/tyloNqJyN6kXSl3RyyM8Ll5D/sJP8g==",
      "requires": {
        "resolve-from": "^2.0.0",
        "semver": "^5.1.0"
      },
      "dependencies": {
        "semver": {
          "version": "5.7.1",
          "resolved": "https://registry.npmjs.org/semver/-/semver-5.7.1.tgz",
          "integrity": "sha512-sauaDf/PZdVgrLTNYHRtpXa1iRiKcaebiKQ1BJdpQlWH2lCvexQdX55snPFyK7QzpudqbCI0qXFfOasHdyNDGQ=="
        }
      }
    },
    "resolve-from": {
      "version": "2.0.0",
      "resolved": "https://registry.npmjs.org/resolve-from/-/resolve-from-2.0.0.tgz",
      "integrity": "sha1-lICrIOlP+h2egKgEx+oUdhGWa1c="
    },
    "safer-buffer": {
      "version": "2.1.2",
      "resolved": "https://registry.npmjs.org/safer-buffer/-/safer-buffer-2.1.2.tgz",
      "integrity": "sha512-YZo3K82SD7Riyi0E1EQPojLz7kpepnSQI9IyPbHHg1XXXevb5dJI7tpyN2ADxGcQbHG7vcyRHk0cbwqcQriUtg=="
    },
    "semver": {
      "version": "4.3.6",
      "resolved": "https://registry.npmjs.org/semver/-/semver-4.3.6.tgz",
      "integrity": "sha1-MAvG4OhjdPe6YQaLWx7NV/xlMto="
    },
    "smtp-server": {
      "version": "1.9.1",
      "resolved": "https://registry.npmjs.org/smtp-server/-/smtp-server-1.9.1.tgz",
      "integrity": "sha1-gg5Scg2GhX5Pw/ovUqANdyf/gBM=",
      "requires": {
        "ipv6-normalize": "^1.0.1",
        "nodemailer-shared": "^1.0.4"
      }
    },
    "split": {
      "version": "0.3.3",
      "resolved": "https://registry.npmjs.org/split/-/split-0.3.3.tgz",
      "integrity": "sha1-zQ7qXmOiEd//frDwkcQTPi0N0o8=",
      "requires": {
        "through": "2"
      }
    },
    "string_decoder": {
      "version": "0.10.31",
      "resolved": "https://registry.npmjs.org/string_decoder/-/string_decoder-0.10.31.tgz",
      "integrity": "sha1-YuIDvEF2bGwoyfyEMB2rHFMQ+pQ="
    },
    "through": {
      "version": "2.3.8",
      "resolved": "https://registry.npmjs.org/through/-/through-2.3.8.tgz",
      "integrity": "sha1-DdTJ/6q8NXlgsbckEV1+Doai4fU="
    },
    "uue": {
      "version": "3.1.2",
      "resolved": "https://registry.npmjs.org/uue/-/uue-3.1.2.tgz",
      "integrity": "sha512-axKLXVqwtdI/czrjG0X8hyV1KLgeWx8F4KvSbvVCnS+RUvsQMGRjx0kfuZDXXqj0LYvVJmx3B9kWlKtEdRrJLg==",
      "requires": {
        "escape-string-regexp": "~1.0.5",
        "extend": "~3.0.0"
      }
    },
    "xtend": {
      "version": "4.0.2",
      "resolved": "https://registry.npmjs.org/xtend/-/xtend-4.0.2.tgz",
      "integrity": "sha512-LKYU1iAXJXUgAXn9URjiu+MWhyUXHsvfp7mcuYm9dSUKK0/CjtrUwFAxD82/mCWbtLsGjFIad0wIsod4zrTAEQ=="
    }
  }
}
